{
  "version": 4,
  "terraform_version": "0.14.7",
  "serial": 28,
  "lineage": "8b32f218-af40-68c2-6a04-546a4932db8f",
  "outputs": {},
  "resources": [
    {
      "mode": "managed",
      "type": "aws_instance",
      "name": "my-instance",
      "provider": "provider[\"registry.terraform.io/hashicorp/aws\"]",
      "instances": [
        {
          "schema_version": 1,
          "attributes": {
            "ami": "ami-0a9d27a9f4f5c0efc",
            "arn": "arn:aws:ec2:ap-south-1:425567758396:instance/i-0a96b13c4137eb05c",
            "associate_public_ip_address": true,
            "availability_zone": "ap-south-1a",
            "cpu_core_count": 1,
            "cpu_threads_per_core": 1,
            "credit_specification": [
              {
                "cpu_credits": "standard"
              }
            ],
            "disable_api_termination": false,
            "ebs_block_device": [],
            "ebs_optimized": false,
            "enclave_options": [
              {
                "enabled": false
              }
            ],
            "ephemeral_block_device": [],
            "get_password_data": false,
            "hibernation": false,
            "host_id": null,
            "iam_instance_profile": "",
            "id": "i-0a96b13c4137eb05c",
            "instance_initiated_shutdown_behavior": null,
            "instance_state": "running",
            "instance_type": "t2.micro",
            "ipv6_address_count": 0,
            "ipv6_addresses": [],
            "key_name": "tf_demo",
            "metadata_options": [
              {
                "http_endpoint": "enabled",
                "http_put_response_hop_limit": 1,
                "http_tokens": "optional"
              }
            ],
            "monitoring": false,
            "network_interface": [],
            "outpost_arn": "",
            "password_data": "",
            "placement_group": "",
            "primary_network_interface_id": "eni-094e24d89ea771189",
            "private_dns": "ip-172-31-33-50.ap-south-1.compute.internal",
            "private_ip": "172.31.33.50",
            "public_dns": "ec2-52-66-106-11.ap-south-1.compute.amazonaws.com",
            "public_ip": "52.66.106.11",
            "root_block_device": [
              {
                "delete_on_termination": true,
                "device_name": "/dev/sda1",
                "encrypted": false,
                "iops": 100,
                "kms_key_id": "",
                "tags": {},
                "throughput": 0,
                "volume_id": "vol-0230604006845f179",
                "volume_size": 10,
                "volume_type": "gp2"
              }
            ],
            "secondary_private_ips": [],
            "security_groups": [
              "default"
            ],
            "source_dest_check": true,
            "subnet_id": "subnet-579ab33f",
            "tags": {
              "Batch": "7Am",
              "Name": "Terraform"
            },
            "tenancy": "default",
            "timeouts": null,
            "user_data": "5980c8443cfc6aed561e160e4cbf4af044d81456",
            "user_data_base64": null,
            "volume_tags": null,
            "vpc_security_group_ids": [
              "sg-4e33942f"
            ]
          },
          "sensitive_attributes": [],
          "private": "eyJlMmJmYjczMC1lY2FhLTExZTYtOGY4OC0zNDM2M2JjN2M0YzAiOnsiY3JlYXRlIjo2MDAwMDAwMDAwMDAsImRlbGV0ZSI6MTIwMDAwMDAwMDAwMCwidXBkYXRlIjo2MDAwMDAwMDAwMDB9LCJzY2hlbWFfdmVyc2lvbiI6IjEifQ==",
          "dependencies": [
            "aws_key_pair.tf_demo"
          ]
        }
      ]
    },
    {
      "mode": "managed",
      "type": "aws_key_pair",
      "name": "tf_demo",
      "provider": "provider[\"registry.terraform.io/hashicorp/aws\"]",
      "instances": [
        {
          "schema_version": 1,
          "attributes": {
            "arn": "arn:aws:ec2:ap-south-1:425567758396:key-pair/tf_demo",
            "fingerprint": "b7:60:0e:91:32:72:a9:67:02:5e:4a:44:7e:06:da:d3",
            "id": "tf_demo",
            "key_name": "tf_demo",
            "key_name_prefix": null,
            "key_pair_id": "key-089f42a36cb28e6c3",
            "public_key": "ssh-rsa AAAAB3NzaC1yc2EAAAADAQABAAABgQC4BAkUy0w+DfjAG+t15HqmIHUqjQqtmyItaN9yI85uG0TGfLUt7HNBvFgVRvWZc07sLb3P3KK4TOBvyNXcDfIxU7RWkWGsDqYUj5IgTx4aofFrPTiJYXgY131Isln3ZRUr0aTzL7kmzALkxJTB9CQ4OEQi610dVnpGuajQlHp3vszragl4tV54rWmqZWuqiZAKJ6Hj2QYH9Td/cetOupMx+KYzPbO6RFEH5x4j1IMydZKZQsD9bLecLuQqAdK4ygHU+5dr4uU9ZuqTtde+cvrbDe1v3m7U486ju3nSjypnwz24A/qC8o7cztKhJyoBut6ZpxrF/JvkDSsu1ZuX/9hGexIlG6AQ2JQ6SQqsWt1aIA1ElPefU32uTeKFBYdoXRwbTPImg8t6RL+QiFlV5SXJl6CjHbvGsQ+gUbwCQZ1uz6br/Y3kwDZbJrCjXrcvKMevGQT7duXjpCETR3ZrXyGfNA3Ko1pafRWKsSGZ4ULQmGbdB/vidi+kmYQbjKnXeK8= root@DESKTOP-SUMONLT",
            "tags": {}
          },
          "sensitive_attributes": [],
          "private": "eyJzY2hlbWFfdmVyc2lvbiI6IjEifQ=="
        }
      ]
    }
  ]
}
